
Microsoft Visual Studio Solution File, Format Version 12.00
# Visual Studio Version 17
VisualStudioVersion = 17.7.34031.279
MinimumVisualStudioVersion = 10.0.40219.1
Project("{FAE04EC0-301F-11D3-BF4B-00C04F79EFBC}") = "testEFvsID", "testEFvsID\testEFvsID.csproj", "{86AFE932-FEC5-4D94-B8AE-72D8F45BBF8B}"
EndProject
Global
	GlobalSection(SolutionConfigurationPlatforms) = preSolution
		Debug|Any CPU = Debug|Any CPU
		Release|Any CPU = Release|Any CPU
	EndGlobalSection
	GlobalSection(ProjectConfigurationPlatforms) = postSolution
		{86AFE932-FEC5-4D94-B8AE-72D8F45BBF8B}.Debug|Any CPU.ActiveCfg = Debug|Any CPU
		{86AFE932-FEC5-4D94-B8AE-72D8F45BBF8B}.Debug|Any CPU.Build.0 = Debug|Any CPU
		{86AFE932-FEC5-4D94-B8AE-72D8F45BBF8B}.Release|Any CPU.ActiveCfg = Release|Any CPU
		{86AFE932-FEC5-4D94-B8AE-72D8F45BBF8B}.Release|Any CPU.Build.0 = Release|Any CPU
	EndGlobalSection
	GlobalSection(SolutionProperties) = preSolution
		HideSolutionNode = FALSE
	EndGlobalSection
	GlobalSection(ExtensibilityGlobals) = postSolution
		SolutionGuid = {0DC70BDB-775E-4039-B793-B3504F8124BC}
	EndGlobalSection
EndGlobal
